# THIS IS AN AUTOGENERATED FILE. DO NOT EDIT THIS FILE DIRECTLY.
# yarn lockfile v1


"@codemirror/autocomplete@^6.0.0", "@codemirror/autocomplete@^6.0.2":
  "integrity" "sha512-9PDjnllmXan/7Uax87KGORbxerDJ/cu10SB+n4Jz0zXMEvIh3+TGgZxhIvDOtaQ4jDBQEM7kHYW4vLdQB0DGZQ=="
  "resolved" "https://registry.npmjs.org/@codemirror/autocomplete/-/autocomplete-6.0.2.tgz"
  "version" "6.0.2"
  dependencies:
    "@codemirror/language" "^6.0.0"
    "@codemirror/state" "^6.0.0"
    "@codemirror/view" "^6.0.0"
    "@lezer/common" "^1.0.0"

"@codemirror/closebrackets@^0.19.2":
  "integrity" "sha512-ClMPzPcPP0eQiDcVjtVPl6OLxgdtZSYDazsvT0AKl70V1OJva0eHgl4/6kCW3RZ0pb2n34i9nJz4eXCmK+TYDA=="
  "resolved" "https://registry.npmjs.org/@codemirror/closebrackets/-/closebrackets-0.19.2.tgz"
  "version" "0.19.2"
  dependencies:
    "@codemirror/language" "^0.19.0"
    "@codemirror/rangeset" "^0.19.0"
    "@codemirror/state" "^0.19.2"
    "@codemirror/text" "^0.19.0"
    "@codemirror/view" "^0.19.44"

"@codemirror/commands@^6.0.0":
  "integrity" "sha512-nVJDPiCQXWXj5AZxqNVXyIM3nOYauF4Dko9NGPSwgVdK+lXWJQhI5LGhS/AvdG5b7u7/pTQBkrQmzkLWRBF62A=="
  "resolved" "https://registry.npmjs.org/@codemirror/commands/-/commands-6.0.0.tgz"
  "version" "6.0.0"
  dependencies:
    "@codemirror/language" "^6.0.0"
    "@codemirror/state" "^6.0.0"
    "@codemirror/view" "^6.0.0"
    "@lezer/common" "^1.0.0"

"@codemirror/comment@^0.19.1":
  "integrity" "sha512-uGKteBuVWAC6fW+Yt8u27DOnXMT/xV4Ekk2Z5mRsiADCZDqYvryrJd6PLL5+8t64BVyocwQwNfz1UswYS2CtFQ=="
  "resolved" "https://registry.npmjs.org/@codemirror/comment/-/comment-0.19.1.tgz"
  "version" "0.19.1"
  dependencies:
    "@codemirror/state" "^0.19.9"
    "@codemirror/text" "^0.19.0"
    "@codemirror/view" "^0.19.0"

"@codemirror/highlight@^0.19.0":
  "integrity" "sha512-v/lzuHjrYR8MN2mEJcUD6fHSTXXli9C1XGYpr+ElV6fLBIUhMTNKR3qThp611xuWfXfwDxeL7ppcbkM/MzPV3A=="
  "resolved" "https://registry.npmjs.org/@codemirror/highlight/-/highlight-0.19.8.tgz"
  "version" "0.19.8"
  dependencies:
    "@codemirror/language" "^0.19.0"
    "@codemirror/rangeset" "^0.19.0"
    "@codemirror/state" "^0.19.3"
    "@codemirror/view" "^0.19.39"
    "@lezer/common" "^0.15.0"
    "style-mod" "^4.0.0"

"@codemirror/lang-javascript@^6.0.0":
  "integrity" "sha512-IQLfR+pgydwLxP3AQYOhjGfLWlAZz5SEH+M1tnUXVvp2+KZhn3iDTQX/7HZgoJ3w0oySKOxPjdq6jmkTCW6/sg=="
  "resolved" "https://registry.npmjs.org/@codemirror/lang-javascript/-/lang-javascript-6.0.0.tgz"
  "version" "6.0.0"
  dependencies:
    "@codemirror/autocomplete" "^6.0.0"
    "@codemirror/language" "^6.0.0"
    "@codemirror/lint" "^6.0.0"
    "@codemirror/state" "^6.0.0"
    "@codemirror/view" "^6.0.0"
    "@lezer/common" "^1.0.0"
    "@lezer/javascript" "^1.0.0"

"@codemirror/language@^0.19.0":
  "integrity" "sha512-yA0DZ3RYn2CqAAGW62VrU8c4YxscMQn45y/I9sjBlqB1e2OTQLg4CCkMBuMSLXk4xaqjlsgazeOQWaJQOKfV8Q=="
  "resolved" "https://registry.npmjs.org/@codemirror/language/-/language-0.19.10.tgz"
  "version" "0.19.10"
  dependencies:
    "@codemirror/state" "^0.19.0"
    "@codemirror/text" "^0.19.0"
    "@codemirror/view" "^0.19.0"
    "@lezer/common" "^0.15.5"
    "@lezer/lr" "^0.15.0"

"@codemirror/language@^6.0.0":
  "integrity" "sha512-rtjk5ifyMzOna1c7PBu7J1VCt0PvA5wy3o8eMVnxMKb7z8KA7JFecvD04dSn14vj/bBaAbqRsGed5OjtofEnLA=="
  "resolved" "https://registry.npmjs.org/@codemirror/language/-/language-6.0.0.tgz"
  "version" "6.0.0"
  dependencies:
    "@codemirror/state" "^6.0.0"
    "@codemirror/view" "^6.0.0"
    "@lezer/common" "^1.0.0"
    "@lezer/highlight" "^1.0.0"
    "@lezer/lr" "^1.0.0"
    "style-mod" "^4.0.0"

"@codemirror/lint@^6.0.0":
  "integrity" "sha512-nUUXcJW1Xp54kNs+a1ToPLK8MadO0rMTnJB8Zk4Z8gBdrN0kqV7uvUraU/T2yqg+grDNR38Vmy/MrhQN/RgwiA=="
  "resolved" "https://registry.npmjs.org/@codemirror/lint/-/lint-6.0.0.tgz"
  "version" "6.0.0"
  dependencies:
    "@codemirror/state" "^6.0.0"
    "@codemirror/view" "^6.0.0"
    "crelt" "^1.0.5"

"@codemirror/rangeset@^0.19.0", "@codemirror/rangeset@^0.19.5":
  "integrity" "sha512-V8YUuOvK+ew87Xem+71nKcqu1SXd5QROMRLMS/ljT5/3MCxtgrRie1Cvild0G/Z2f1fpWxzX78V0U4jjXBorBQ=="
  "resolved" "https://registry.npmjs.org/@codemirror/rangeset/-/rangeset-0.19.9.tgz"
  "version" "0.19.9"
  dependencies:
    "@codemirror/state" "^0.19.0"

"@codemirror/search@^6.0.0":
  "integrity" "sha512-rL0rd3AhI0TAsaJPUaEwC63KHLO7KL0Z/dYozXj6E7L3wNHRyx7RfE0/j5HsIf912EE5n2PCb4Vg0rGYmDv4UQ=="
  "resolved" "https://registry.npmjs.org/@codemirror/search/-/search-6.0.0.tgz"
  "version" "6.0.0"
  dependencies:
    "@codemirror/state" "^6.0.0"
    "@codemirror/view" "^6.0.0"
    "crelt" "^1.0.5"

"@codemirror/state@^0.19.0", "@codemirror/state@^0.19.2", "@codemirror/state@^0.19.3", "@codemirror/state@^0.19.9":
  "integrity" "sha512-psOzDolKTZkx4CgUqhBQ8T8gBc0xN5z4gzed109aF6x7D7umpDRoimacI/O6d9UGuyl4eYuDCZmDFr2Rq7aGOw=="
  "resolved" "https://registry.npmjs.org/@codemirror/state/-/state-0.19.9.tgz"
  "version" "0.19.9"
  dependencies:
    "@codemirror/text" "^0.19.0"

"@codemirror/state@^6.0.0":
  "integrity" "sha512-UjP/jB2dz7B+1L+eiCm8YWhM1zBkFM2zUyp8hhtpvgmuOFmoWjwqHnICQmM34HNPBqMPcVY9ZcqJcOhDrB+dBQ=="
  "resolved" "https://registry.npmjs.org/@codemirror/state/-/state-6.0.0.tgz"
  "version" "6.0.0"

"@codemirror/text@^0.19.0":
  "integrity" "sha512-T9jnREMIygx+TPC1bOuepz18maGq/92q2a+n4qTqObKwvNMg+8cMTslb8yxeEDEq7S3kpgGWxgO1UWbQRij0dA=="
  "resolved" "https://registry.npmjs.org/@codemirror/text/-/text-0.19.6.tgz"
  "version" "0.19.6"

"@codemirror/theme-one-dark@^6.0.0":
  "integrity" "sha512-jTCfi1I8QT++3m21Ui6sU8qwu3F/hLv161KLxfvkV1cYWSBwyUanmQFs89ChobQjBHi2x7s2k71wF9WYvE8fdw=="
  "resolved" "https://registry.npmjs.org/@codemirror/theme-one-dark/-/theme-one-dark-6.0.0.tgz"
  "version" "6.0.0"
  dependencies:
    "@codemirror/language" "^6.0.0"
    "@codemirror/state" "^6.0.0"
    "@codemirror/view" "^6.0.0"
    "@lezer/highlight" "^1.0.0"

"@codemirror/view@^0.19.0", "@codemirror/view@^0.19.39", "@codemirror/view@^0.19.44":
  "integrity" "sha512-0eg7D2Nz4S8/caetCTz61rK0tkHI17V/d15Jy0kLOT8dTLGGNJUponDnW28h2B6bERmPlVHKh8MJIr5OCp1nGw=="
  "resolved" "https://registry.npmjs.org/@codemirror/view/-/view-0.19.48.tgz"
  "version" "0.19.48"
  dependencies:
    "@codemirror/rangeset" "^0.19.5"
    "@codemirror/state" "^0.19.3"
    "@codemirror/text" "^0.19.0"
    "style-mod" "^4.0.0"
    "w3c-keyname" "^2.2.4"

"@codemirror/view@^6.0.0", "@codemirror/view@6.0.0":
  "integrity" "sha512-IdbZtg17jpLdNnetoPpSOMZNtsCEAexFNdG7tU6TlJkLQakaTNrzXiQEIx9oiZx3f1ql6Zbr8+qyLr/pkrmsng=="
  "resolved" "https://registry.npmjs.org/@codemirror/view/-/view-6.0.0.tgz"
  "version" "6.0.0"
  dependencies:
    "@codemirror/state" "^6.0.0"
    "style-mod" "^4.0.0"
    "w3c-keyname" "^2.2.4"

"@lezer/common@^0.15.0", "@lezer/common@^0.15.5":
  "integrity" "sha512-edfwCxNLnzq5pBA/yaIhwJ3U3Kz8VAUOTRg0hhxaizaI1N+qxV7EXDv/kLCkLeq2RzSFvxexlaj5Mzfn2kY0Ig=="
  "resolved" "https://registry.npmjs.org/@lezer/common/-/common-0.15.12.tgz"
  "version" "0.15.12"

"@lezer/common@^1.0.0":
  "integrity" "sha512-ohydQe+Hb+w4oMDvXzs8uuJd2NoA3D8YDcLiuDsLqH+yflDTPEpgCsWI3/6rH5C3BAedtH1/R51dxENldQceEA=="
  "resolved" "https://registry.npmjs.org/@lezer/common/-/common-1.0.0.tgz"
  "version" "1.0.0"

"@lezer/highlight@^1.0.0":
  "integrity" "sha512-nsCnNtim90UKsB5YxoX65v3GEIw3iCHw9RM2DtdgkiqAbKh9pCdvi8AWNwkYf10Lu6fxNhXPpkpHbW6mihhvJA=="
  "resolved" "https://registry.npmjs.org/@lezer/highlight/-/highlight-1.0.0.tgz"
  "version" "1.0.0"
  dependencies:
    "@lezer/common" "^1.0.0"

"@lezer/javascript@^1.0.0":
  "integrity" "sha512-RawBSrMD9yrVdrXWKn7hqo5BqgBaFelUx80i6p2/V0f+0THjncSSrRC6v3QWVv++RpqWT59L8ujKZjlExJq9xw=="
  "resolved" "https://registry.npmjs.org/@lezer/javascript/-/javascript-1.0.0.tgz"
  "version" "1.0.0"
  dependencies:
    "@lezer/highlight" "^1.0.0"
    "@lezer/lr" "^1.0.0"

"@lezer/lr@^0.15.0":
  "integrity" "sha512-bM6oE6VQZ6hIFxDNKk8bKPa14hqFrV07J/vHGOeiAbJReIaQXmkVb6xQu4MR+JBTLa5arGRyAAjJe1qaQt3Uvg=="
  "resolved" "https://registry.npmjs.org/@lezer/lr/-/lr-0.15.8.tgz"
  "version" "0.15.8"
  dependencies:
    "@lezer/common" "^0.15.0"

"@lezer/lr@^1.0.0":
  "integrity" "sha512-k6DEqBh4HxqO/cVGedb6Ern6LS7K6IOzfydJ5WaqCR26v6UR9sIFyb6PS+5rPUs/mXgnBR/QQCW7RkyjSCMoQA=="
  "resolved" "https://registry.npmjs.org/@lezer/lr/-/lr-1.0.0.tgz"
  "version" "1.0.0"
  dependencies:
    "@lezer/common" "^1.0.0"

"@originjs/vite-plugin-commonjs@^1.0.3":
  "integrity" "sha512-KuEXeGPptM2lyxdIEJ4R11+5ztipHoE7hy8ClZt3PYaOVQ/pyngd2alaSrPnwyFeOW1UagRBaQ752aA1dTMdOQ=="
  "resolved" "https://registry.npmjs.org/@originjs/vite-plugin-commonjs/-/vite-plugin-commonjs-1.0.3.tgz"
  "version" "1.0.3"
  dependencies:
    "esbuild" "^0.14.14"

"@replit/codemirror-interact@^6.0.1":
  "integrity" "sha512-ONYA256F6x3AVSSpZf9JRSLnS/KR6sK/WmyhZZ9cZ6akXWuEwad1fQXPAsL0ck7YhzFYmm0M0x15pMJ+bsfS9g=="
  "resolved" "https://registry.npmjs.org/@replit/codemirror-interact/-/codemirror-interact-6.0.1.tgz"
  "version" "6.0.1"

"abbrev@1":
  "integrity" "sha512-nne9/IiQ/hzIhY6pdDnbBtz7DjPTKrY00P/zvPSm5pOFkl6xuGrGnXn/VtTNNfNtAfZ9/1RtehkszU9qcTii0Q=="
  "resolved" "https://registry.npmjs.org/abbrev/-/abbrev-1.1.1.tgz"
  "version" "1.1.1"

"babel-plugin-add-module-exports@^0.2.1":
  "integrity" "sha512-3AN/9V/rKuv90NG65m4tTHsI04XrCKsWbztIcW7a8H5iIN7WlvWucRtVV0V/rT4QvtA11n5Vmp20fLwfMWqp6g=="
  "resolved" "https://registry.npmjs.org/babel-plugin-add-module-exports/-/babel-plugin-add-module-exports-0.2.1.tgz"
  "version" "0.2.1"

"balanced-match@^1.0.0":
  "integrity" "sha512-3oSeUO0TMV67hN1AmbXsK4yaqU7tjiHlbxRDZOpH0KW9+CeX4bRAaX0Anxt0tx2MrpRpWwQaPwIlISEJhYU5Pw=="
  "resolved" "https://registry.npmjs.org/balanced-match/-/balanced-match-1.0.2.tgz"
  "version" "1.0.2"

"brace-expansion@^1.1.7":
  "integrity" "sha512-iCuPHDFgrHX7H2vEI/5xpz07zSHB00TpugqhmYtVmMO6518mCuRMoOYFldEBl0g187ufozdaHgWKcYFb61qGiA=="
  "resolved" "https://registry.npmjs.org/brace-expansion/-/brace-expansion-1.1.11.tgz"
  "version" "1.1.11"
  dependencies:
    "balanced-match" "^1.0.0"
    "concat-map" "0.0.1"

"buffer-alloc-unsafe@^1.1.0":
  "integrity" "sha512-TEM2iMIEQdJ2yjPJoSIsldnleVaAk1oW3DBVUykyOLsEsFmEc9kn+SFFPz+gl54KQNxlDnAwCXosOS9Okx2xAg=="
  "resolved" "https://registry.npmjs.org/buffer-alloc-unsafe/-/buffer-alloc-unsafe-1.1.0.tgz"
  "version" "1.1.0"

"buffer-alloc@^1.1.0":
  "integrity" "sha512-CFsHQgjtW1UChdXgbyJGtnm+O/uLQeZdtbDo8mfUgYXCHSM1wgrVxXm6bSyrUuErEb+4sYVGCzASBRot7zyrow=="
  "resolved" "https://registry.npmjs.org/buffer-alloc/-/buffer-alloc-1.2.0.tgz"
  "version" "1.2.0"
  dependencies:
    "buffer-alloc-unsafe" "^1.1.0"
    "buffer-fill" "^1.0.0"

"buffer-fill@^1.0.0":
  "integrity" "sha512-T7zexNBwiiaCOGDg9xNX9PBmjrubblRkENuptryuI64URkXDFum9il/JGL8Lm8wYfAXpredVXXZz7eMHilimiQ=="
  "resolved" "https://registry.npmjs.org/buffer-fill/-/buffer-fill-1.0.0.tgz"
  "version" "1.0.0"

"buffer-from@^1.0.0":
  "integrity" "sha512-E+XQCRwSbaaiChtv6k6Dwgc+bx+Bs6vuKJHHl5kox/BaKbhiXzqQOwK4cO22yElGp2OCmjwVhT3HmxgyPGnJfQ=="
  "resolved" "https://registry.npmjs.org/buffer-from/-/buffer-from-1.1.2.tgz"
  "version" "1.1.2"

"cm6-theme-solarized-dark@^0.1.0":
  "integrity" "sha512-Rgra+lotJmozaP69489BQBMJdic/NVR6ZoABkKNTwG0UvBVM75McwkXhYtPA2H4eyEoLa1V0uM+t7k1IG2Y74A=="
  "resolved" "https://registry.npmjs.org/cm6-theme-solarized-dark/-/cm6-theme-solarized-dark-0.1.0.tgz"
  "version" "0.1.0"
  dependencies:
    "@codemirror/highlight" "^0.19.0"
    "@codemirror/state" "^0.19.0"
    "@codemirror/view" "^0.19.0"

"codemirror@^6.0.0":
  "integrity" "sha512-c4XR9QtDn+NhKLM2FBsnRn9SFdRH7G6594DYC/fyKKIsTOcdLF0WNWRd+f6kNyd5j1vgYPucbIeq2XkywYCwhA=="
  "resolved" "https://registry.npmjs.org/codemirror/-/codemirror-6.0.0.tgz"
  "version" "6.0.0"
  dependencies:
    "@codemirror/autocomplete" "^6.0.0"
    "@codemirror/commands" "^6.0.0"
    "@codemirror/language" "^6.0.0"
    "@codemirror/lint" "^6.0.0"
    "@codemirror/search" "^6.0.0"
    "@codemirror/state" "^6.0.0"
    "@codemirror/view" "^6.0.0"

"commander@^2.19.0":
  "integrity" "sha512-GpVkmM8vF2vQUkj2LvZmD35JxeJOLCwJ9cUkugyk2nuhbv3+mJvpLYYt+0+USMxE+oj+ey/lJEnhZw75x/OMcQ=="
  "resolved" "https://registry.npmjs.org/commander/-/commander-2.20.3.tgz"
  "version" "2.20.3"

"concat-map@0.0.1":
  "integrity" "sha512-/Srv4dswyQNBfohGpz9o6Yb3Gz3SrUDqBH5rTuhGR7ahtlbYKnVxw2bCFMRljaA7EXHaXZ8wsHdodFvbkhKmqg=="
  "resolved" "https://registry.npmjs.org/concat-map/-/concat-map-0.0.1.tgz"
  "version" "0.0.1"

"config-chain@^1.1.13":
  "integrity" "sha512-qj+f8APARXHrM0hraqXYb2/bOVSV4PvJQlNZ/DVj0QrmNM2q2euizkeuVckQ57J+W0mRH6Hvi+k50M4Jul2VRQ=="
  "resolved" "https://registry.npmjs.org/config-chain/-/config-chain-1.1.13.tgz"
  "version" "1.1.13"
  dependencies:
    "ini" "^1.3.4"
    "proto-list" "~1.2.1"

"core-util-is@~1.0.0":
  "integrity" "sha512-ZQBvi1DcpJ4GDqanjucZ2Hj3wEO5pZDS89BWbkcrvdxksJorwUDDZamX9ldFkp9aw2lmBDLgkObEA4DWNJ9FYQ=="
  "resolved" "https://registry.npmjs.org/core-util-is/-/core-util-is-1.0.3.tgz"
  "version" "1.0.3"

"crelt@^1.0.5":
  "integrity" "sha512-+BO9wPPi+DWTDcNYhr/W90myha8ptzftZT+LwcmUbbok0rcP/fequmFYCw8NMoH7pkAZQzU78b3kYrlua5a9eA=="
  "resolved" "https://registry.npmjs.org/crelt/-/crelt-1.0.5.tgz"
  "version" "1.0.5"

"dct@0.0.3":
  "integrity" "sha512-w+YYGA6tZjdhnKa1x108m42Dy99GFWbe+AYopaRTQ4UERYFpdt5gDB+Xh1nJ7x/CkuTKD33OL5WgNtwk3r5Xrw=="
  "resolved" "https://registry.npmjs.org/dct/-/dct-0.0.3.tgz"
  "version" "0.0.3"

"debug@^2.2.0", "debug@2":
  "integrity" "sha512-bC7ElrdJaJnPbAP+1EotYvqZsb3ecl5wi6Bfi6BJTUcNowp6cvspg0jXznRTKDjm/E7AdgFBVeAPVMNcKGsHMA=="
  "resolved" "https://registry.npmjs.org/debug/-/debug-2.6.9.tgz"
  "version" "2.6.9"
  dependencies:
    "ms" "2.0.0"

"editorconfig@^0.15.3":
  "integrity" "sha512-M9wIMFx96vq0R4F+gRpY3o2exzb8hEj/n9S8unZtHSvYjibBp/iMufSzvmOcV/laG0ZtuTVGtiJggPOSW2r93g=="
  "resolved" "https://registry.npmjs.org/editorconfig/-/editorconfig-0.15.3.tgz"
  "version" "0.15.3"
  dependencies:
    "commander" "^2.19.0"
    "lru-cache" "^4.1.5"
    "semver" "^5.6.0"
    "sigmund" "^1.0.1"

"esbuild-darwin-64@0.14.43":
  "integrity" "sha512-/3PSilx011ttoieRGkSZ0XV8zjBf2C9enV4ScMMbCT4dpx0mFhMOpFnCHkOK0pWGB8LklykFyHrWk2z6DENVUg=="
  "resolved" "https://registry.npmjs.org/esbuild-darwin-64/-/esbuild-darwin-64-0.14.43.tgz"
  "version" "0.14.43"

"esbuild@^0.14.14", "esbuild@^0.14.27":
  "integrity" "sha512-Uf94+kQmy/5jsFwKWiQB4hfo/RkM9Dh7b79p8yqd1tshULdr25G2szLz631NoH3s2ujnKEKVD16RmOxvCNKRFA=="
  "resolved" "https://registry.npmjs.org/esbuild/-/esbuild-0.14.43.tgz"
  "version" "0.14.43"
  optionalDependencies:
    "esbuild-android-64" "0.14.43"
    "esbuild-android-arm64" "0.14.43"
    "esbuild-darwin-64" "0.14.43"
    "esbuild-darwin-arm64" "0.14.43"
    "esbuild-freebsd-64" "0.14.43"
    "esbuild-freebsd-arm64" "0.14.43"
    "esbuild-linux-32" "0.14.43"
    "esbuild-linux-64" "0.14.43"
    "esbuild-linux-arm" "0.14.43"
    "esbuild-linux-arm64" "0.14.43"
    "esbuild-linux-mips64le" "0.14.43"
    "esbuild-linux-ppc64le" "0.14.43"
    "esbuild-linux-riscv64" "0.14.43"
    "esbuild-linux-s390x" "0.14.43"
    "esbuild-netbsd-64" "0.14.43"
    "esbuild-openbsd-64" "0.14.43"
    "esbuild-sunos-64" "0.14.43"
    "esbuild-windows-32" "0.14.43"
    "esbuild-windows-64" "0.14.43"
    "esbuild-windows-arm64" "0.14.43"

"esprima@^4.0.1":
  "integrity" "sha512-eGuFFw7Upda+g4p+QHvnW0RyTX/SVeJBDM/gCtMARO0cLuT2HcEKnTPvhjV6aGeqrCB/sbNop0Kszm0jsaWU4A=="
  "resolved" "https://registry.npmjs.org/esprima/-/esprima-4.0.1.tgz"
  "version" "4.0.1"

"events@^1.0.2":
  "integrity" "sha512-kEcvvCBByWXGnZy6JUlgAp2gBIUjfCAV6P6TgT1/aaQKcmuAEC4OZTV1I4EWQLz2gxZw76atuVyvHhTxvi0Flw=="
  "resolved" "https://registry.npmjs.org/events/-/events-1.1.1.tgz"
  "version" "1.1.1"

"fftjs@0.0.4":
  "integrity" "sha512-nIWxQyth1LVD6NH8a+YZUv+McjzbOY6dMe4wv6Pq5cGfP+c8Rd1T8Dsd50DCWlNgzSqA3y9lOkpD6dZD3qHa1A=="
  "resolved" "https://registry.npmjs.org/fftjs/-/fftjs-0.0.4.tgz"
  "version" "0.0.4"
  dependencies:
    "babel-plugin-add-module-exports" "^0.2.1"

"fs.realpath@^1.0.0":
  "integrity" "sha512-OO0pH2lK6a0hZnAdau5ItzHPI6pUlvI7jMVnxUQRtw4owF2wk8lOSabtGDCTP4Ggrg2MbGnWO9X8K1t4+fGMDw=="
  "resolved" "https://registry.npmjs.org/fs.realpath/-/fs.realpath-1.0.0.tgz"
  "version" "1.0.0"

"fsevents@~2.3.2":
  "integrity" "sha512-xiqMQR4xAeHTuB9uWm+fFRcIOgKBMiOBP+eXiyT7jsgVCq1bkVygt00oASowB7EdtpOHaaPgKt812P9ab+DDKA=="
  "resolved" "https://registry.npmjs.org/fsevents/-/fsevents-2.3.2.tgz"
  "version" "2.3.2"

"function-bind@^1.1.1":
  "integrity" "sha512-yIovAzMX49sF8Yl58fSCWJ5svSLuaibPxXQJFLmBObTuCr0Mf1KiPopGM9NiFjiYBCbfaa2Fh6breQ6ANVTI0A=="
  "resolved" "https://registry.npmjs.org/function-bind/-/function-bind-1.1.1.tgz"
  "version" "1.1.1"

"glob@^7.1.3":
  "integrity" "sha512-nFR0zLpU2YCaRxwoCJvL6UvCH2JFyFVIvwTLsIf21AuHlMskA1hhTdk+LlYJtOlYt9v6dvszD2BGRqBL+iQK9Q=="
  "resolved" "https://registry.npmjs.org/glob/-/glob-7.2.3.tgz"
  "version" "7.2.3"
  dependencies:
    "fs.realpath" "^1.0.0"
    "inflight" "^1.0.4"
    "inherits" "2"
    "minimatch" "^3.1.1"
    "once" "^1.3.0"
    "path-is-absolute" "^1.0.0"

"has@^1.0.3":
  "integrity" "sha512-f2dvO0VU6Oej7RkWJGrehjbzMAjFp5/VKPp5tTpWIV4JHHZK1/BxbFRtf/siA2SWTe09caDmVtYYzWEIbBS4zw=="
  "resolved" "https://registry.npmjs.org/has/-/has-1.0.3.tgz"
  "version" "1.0.3"
  dependencies:
    "function-bind" "^1.1.1"

"hydra-synth@^1.3.17":
  "integrity" "sha512-Ja4R2h/f19xNtDVTWNh9xiWskIbbd03YWTueCp7OxGHWNShI7i063EV3T5pQz/nHLlsPNZ0iQwErX09JuaauJg=="
  "resolved" "https://registry.npmjs.org/hydra-synth/-/hydra-synth-1.3.17.tgz"
  "version" "1.3.17"
  dependencies:
    "meyda" "^4.1.3"
    "raf-loop" "^1.1.3"
    "regl" "^1.3.9"
    "web-audio-analyser" "^2.0.1"

"inflight@^1.0.4":
  "integrity" "sha512-k92I/b08q4wvFscXCLvqfsHCrjrF7yiXsQuIVvVE7N82W3+aqpzuUdBbfhWcy/FZR3/4IgflMgKLOsvPDrGCJA=="
  "resolved" "https://registry.npmjs.org/inflight/-/inflight-1.0.6.tgz"
  "version" "1.0.6"
  dependencies:
    "once" "^1.3.0"
    "wrappy" "1"

"inherits@^2.0.1", "inherits@~2.0.1", "inherits@~2.0.3", "inherits@2":
  "integrity" "sha512-k/vGaX4/Yla3WzyMCvTQOXYeIHvqOKtnqBduzTHpzpQZzAskKMhZ2K+EnBiSM9zGSoIFeMpXKxa4dYeZIQqewQ=="
  "resolved" "https://registry.npmjs.org/inherits/-/inherits-2.0.4.tgz"
  "version" "2.0.4"

"ini@^1.3.4":
  "integrity" "sha512-JV/yugV2uzW5iMRSiZAyDtQd+nxtUnjeLt0acNdw98kKLrvuRVyB80tsREOE7yvGVgalhZ6RNXCmEHkUKBKxew=="
  "resolved" "https://registry.npmjs.org/ini/-/ini-1.3.8.tgz"
  "version" "1.3.8"

"is-core-module@^2.8.1":
  "integrity" "sha512-+5FPy5PnwmO3lvfMb0AsoPaBG+5KHUI0wYFXOtYPnVVVspTFUuMZNfNaNVRt3FZadstu2c8x23vykRW/NBoU6A=="
  "resolved" "https://registry.npmjs.org/is-core-module/-/is-core-module-2.9.0.tgz"
  "version" "2.9.0"
  dependencies:
    "has" "^1.0.3"

"isarray@~1.0.0":
  "integrity" "sha512-VLghIWNM6ELQzo7zwmcg0NmTVyWKYjvIeM83yjp0wRDTmUnrM678fQbcKBo6n2CJEF0szoG//ytg+TKla89ALQ=="
  "resolved" "https://registry.npmjs.org/isarray/-/isarray-1.0.0.tgz"
  "version" "1.0.0"

"isarray@0.0.1":
  "integrity" "sha512-D2S+3GLxWH+uhrNEcoh/fnmYeP8E8/zHl644d/jdA0g2uyXvy3sb0qxotE+ne0LtccHknQzWwZEzhak7oJ0COQ=="
  "resolved" "https://registry.npmjs.org/isarray/-/isarray-0.0.1.tgz"
  "version" "0.0.1"

"js-beautify@^1.14.4":
  "integrity" "sha512-+b4A9c3glceZEmxyIbxDOYB0ZJdReLvyU1077RqKsO4dZx9FUHjTOJn8VHwpg33QoucIykOiYbh7MfqBOghnrA=="
  "resolved" "https://registry.npmjs.org/js-beautify/-/js-beautify-1.14.4.tgz"
  "version" "1.14.4"
  dependencies:
    "config-chain" "^1.1.13"
    "editorconfig" "^0.15.3"
    "glob" "^7.1.3"
    "nopt" "^5.0.0"

"lru-cache@^4.1.5":
  "integrity" "sha512-sWZlbEP2OsHNkXrMl5GYk/jKk70MBng6UU4YI/qGDYbgf6YbP4EvmqISbXCoJiRKs+1bSpFHVgQxvJ17F2li5g=="
  "resolved" "https://registry.npmjs.org/lru-cache/-/lru-cache-4.1.5.tgz"
  "version" "4.1.5"
  dependencies:
    "pseudomap" "^1.0.2"
    "yallist" "^2.1.2"

"meyda@^4.1.3":
  "integrity" "sha512-enK48Q82MtP1iVM1hYu3tKv3F1/Ar4zPBcgyNs/kmh3SX4UgL7TDnYKPQ9tG9KeJj+2IG5L/pOco0Zr75qSQnw=="
  "resolved" "https://registry.npmjs.org/meyda/-/meyda-4.2.0.tgz"
  "version" "4.2.0"
  dependencies:
    "dct" "0.0.3"
    "fftjs" "0.0.4"
    "node-getopt" "^0.2.3"
    "through2" "^2.0.1"
    "wav" "^1.0.0"

"minimatch@^3.1.1":
  "integrity" "sha512-J7p63hRiAjw1NDEww1W7i37+ByIrOWO5XQQAzZ3VOcL0PNybwpfmV/N05zFAzwQ9USyEcX6t3UO+K5aqBQOIHw=="
  "resolved" "https://registry.npmjs.org/minimatch/-/minimatch-3.1.2.tgz"
  "version" "3.1.2"
  dependencies:
    "brace-expansion" "^1.1.7"

"ms@2.0.0":
  "integrity" "sha512-Tpp60P6IUJDTuOq/5Z8cdskzJujfwqfOTkrwIwj7IRISpnkJnT6SyJ4PCPnGMoFjC9ddhal5KVIYtAt97ix05A=="
  "resolved" "https://registry.npmjs.org/ms/-/ms-2.0.0.tgz"
  "version" "2.0.0"

"nanoid@^3.3.4":
  "integrity" "sha512-MqBkQh/OHTS2egovRtLk45wEyNXwF+cokD+1YPf9u5VfJiRdAiRwB2froX5Co9Rh20xs4siNPm8naNotSD6RBw=="
  "resolved" "https://registry.npmjs.org/nanoid/-/nanoid-3.3.4.tgz"
  "version" "3.3.4"

"node-getopt@^0.2.3":
  "integrity" "sha512-06LC4wHO+nyH0J07dUzFsZTVZMsMMKTkXo8BUTmuYbJhbsKX2cVDn2xADoFqjbnBYThVlGSlaM10CDyEi+48Iw=="
  "resolved" "https://registry.npmjs.org/node-getopt/-/node-getopt-0.2.4.tgz"
  "version" "0.2.4"

"nopt@^5.0.0":
  "integrity" "sha512-Tbj67rffqceeLpcRXrT7vKAN8CwfPeIBgM7E6iBkmKLV7bEMwpGgYLGv0jACUsECaa/vuxP0IjEont6umdMgtQ=="
  "resolved" "https://registry.npmjs.org/nopt/-/nopt-5.0.0.tgz"
  "version" "5.0.0"
  dependencies:
    "abbrev" "1"

"once@^1.3.0":
  "integrity" "sha512-lNaJgI+2Q5URQBkccEKHTQOPaXdUxnZZElQTZY0MFUAuaEqe1E+Nyvgdz/aIyNi6Z9MzO5dv1H8n58/GELp3+w=="
  "resolved" "https://registry.npmjs.org/once/-/once-1.4.0.tgz"
  "version" "1.4.0"
  dependencies:
    "wrappy" "1"

"path-is-absolute@^1.0.0":
  "integrity" "sha512-AVbw3UJ2e9bq64vSaS9Am0fje1Pa8pbGqTTsmXfaIiMpnr5DlDhfJOuLj9Sf95ZPVDAUerDfEk88MPmPe7UCQg=="
  "resolved" "https://registry.npmjs.org/path-is-absolute/-/path-is-absolute-1.0.1.tgz"
  "version" "1.0.1"

"path-parse@^1.0.7":
  "integrity" "sha512-LDJzPVEEEPR+y48z93A0Ed0yXb8pAByGWo/k5YYdYgpY2/2EsOsksJrq7lOHxryrVOn1ejG6oAp8ahvOIQD8sw=="
  "resolved" "https://registry.npmjs.org/path-parse/-/path-parse-1.0.7.tgz"
  "version" "1.0.7"

"performance-now@^2.1.0":
  "integrity" "sha512-7EAHlyLHI56VEIdK57uwHdHKIaAGbnXPiw0yWbarQZOKaKpvUIgW0jWRVLiatnM+XXlSwsanIBH/hzGMJulMow=="
  "resolved" "https://registry.npmjs.org/performance-now/-/performance-now-2.1.0.tgz"
  "version" "2.1.0"

"picocolors@^1.0.0":
  "integrity" "sha512-1fygroTLlHu66zi26VoTDv8yRgm0Fccecssto+MhsZ0D/DGW2sm8E8AjW7NU5VVTRt5GxbeZ5qBuJr+HyLYkjQ=="
  "resolved" "https://registry.npmjs.org/picocolors/-/picocolors-1.0.0.tgz"
  "version" "1.0.0"

"postcss@^8.4.13":
  "integrity" "sha512-E398TUmfAYFPBSdzgeieK2Y1+1cpdxJx8yXbK/m57nRhKSmk1GB2tO4lbLBtlkfPQTDKfe4Xqv1ASWPpayPEig=="
  "resolved" "https://registry.npmjs.org/postcss/-/postcss-8.4.14.tgz"
  "version" "8.4.14"
  dependencies:
    "nanoid" "^3.3.4"
    "picocolors" "^1.0.0"
    "source-map-js" "^1.0.2"

"process-nextick-args@~2.0.0":
  "integrity" "sha512-3ouUOpQhtgrbOa17J7+uxOTpITYWaGP7/AhoR3+A+/1e9skrzelGi/dXzEYyvbxubEF6Wn2ypscTKiKJFFn1ag=="
  "resolved" "https://registry.npmjs.org/process-nextick-args/-/process-nextick-args-2.0.1.tgz"
  "version" "2.0.1"

"proto-list@~1.2.1":
  "integrity" "sha512-vtK/94akxsTMhe0/cbfpR+syPuszcuwhqVjJq26CuNDgFGj682oRBXOP5MJpv2r7JtE8MsiepGIqvvOTBwn2vA=="
  "resolved" "https://registry.npmjs.org/proto-list/-/proto-list-1.2.4.tgz"
  "version" "1.2.4"

"pseudomap@^1.0.2":
  "integrity" "sha512-b/YwNhb8lk1Zz2+bXXpS/LK9OisiZZ1SNsSLxN1x2OXVEhW2Ckr/7mWE5vrC1ZTiJlD9g19jWszTmJsB+oEpFQ=="
  "resolved" "https://registry.npmjs.org/pseudomap/-/pseudomap-1.0.2.tgz"
  "version" "1.0.2"

"raf-loop@^1.1.3":
  "integrity" "sha512-fcIuuIdjbD6OB0IFw4d+cjqdrzDorKkIpwOiSnfU4Tht5PTFiJutR8hnCOGslYqZDyIzwpF5WnwbnTTuo9uUUA=="
  "resolved" "https://registry.npmjs.org/raf-loop/-/raf-loop-1.1.3.tgz"
  "version" "1.1.3"
  dependencies:
    "events" "^1.0.2"
    "inherits" "^2.0.1"
    "raf" "^3.0.0"
    "right-now" "^1.0.0"

"raf@^3.0.0":
  "integrity" "sha512-Sq4CW4QhwOHE8ucn6J34MqtZCeWFP2aQSmrlroYgqAV1PjStIhJXxYuTgUIfkEk7zTLjmIjLmU5q+fbD1NnOJA=="
  "resolved" "https://registry.npmjs.org/raf/-/raf-3.4.1.tgz"
  "version" "3.4.1"
  dependencies:
    "performance-now" "^2.1.0"

"readable-stream@^1.1.14":
  "integrity" "sha512-+MeVjFf4L44XUkhM1eYbD8fyEsxcV81pqMSR5gblfcLCHfZvbrqy4/qYHE+/R5HoBUT11WV5O08Cr1n3YXkWVQ=="
  "resolved" "https://registry.npmjs.org/readable-stream/-/readable-stream-1.1.14.tgz"
  "version" "1.1.14"
  dependencies:
    "core-util-is" "~1.0.0"
    "inherits" "~2.0.1"
    "isarray" "0.0.1"
    "string_decoder" "~0.10.x"

"readable-stream@~2.3.6":
  "integrity" "sha512-Ebho8K4jIbHAxnuxi7o42OrZgF/ZTNcsZj6nRKyUmkhLFq8CHItp/fy6hQZuZmP/n3yZ9VBUbp4zz/mX8hmYPw=="
  "resolved" "https://registry.npmjs.org/readable-stream/-/readable-stream-2.3.7.tgz"
  "version" "2.3.7"
  dependencies:
    "core-util-is" "~1.0.0"
    "inherits" "~2.0.3"
    "isarray" "~1.0.0"
    "process-nextick-args" "~2.0.0"
    "safe-buffer" "~5.1.1"
    "string_decoder" "~1.1.1"
    "util-deprecate" "~1.0.1"

"regl@^1.3.9":
  "integrity" "sha512-bEAtp/qrtKucxXSJkD4ebopFZYP0q1+3Vb2WECWv/T8yQEgKxDxJ7ztO285tAMaYZVR6mM1GgI6CCn8FROtL1w=="
  "resolved" "https://registry.npmjs.org/regl/-/regl-1.7.0.tgz"
  "version" "1.7.0"

"resolve@^1.22.0":
  "integrity" "sha512-Hhtrw0nLeSrFQ7phPp4OOcVjLPIeMnRlr5mcnVuMe7M/7eBn98A3hmFRLoFo3DLZkivSYwhRUJTyPyWAk56WLw=="
  "resolved" "https://registry.npmjs.org/resolve/-/resolve-1.22.0.tgz"
  "version" "1.22.0"
  dependencies:
    "is-core-module" "^2.8.1"
    "path-parse" "^1.0.7"
    "supports-preserve-symlinks-flag" "^1.0.0"

"right-now@^1.0.0":
  "integrity" "sha512-DA8+YS+sMIVpbsuKgy+Z67L9Lxb1p05mNxRpDPNksPDEFir4vmBlUtuN9jkTGn9YMMdlBuK7XQgFiz6ws+yhSg=="
  "resolved" "https://registry.npmjs.org/right-now/-/right-now-1.0.0.tgz"
  "version" "1.0.0"

"rollup@^2.59.0":
  "integrity" "sha512-OEf0TgpC9vU6WGROJIk1JA3LR5vk/yvqlzxqdrE2CzzXnqKXNzbAwlWUXis8RS3ZPe7LAq+YUxsRa0l3r27MLA=="
  "resolved" "https://registry.npmjs.org/rollup/-/rollup-2.75.6.tgz"
  "version" "2.75.6"
  optionalDependencies:
    "fsevents" "~2.3.2"

"safe-buffer@~5.1.0", "safe-buffer@~5.1.1":
  "integrity" "sha512-Gd2UZBJDkXlY7GbJxfsE8/nvKkUEU1G38c1siN6QP6a9PT9MmHB8GnpscSmMJSoF8LOIrt8ud/wPtojys4G6+g=="
  "resolved" "https://registry.npmjs.org/safe-buffer/-/safe-buffer-5.1.2.tgz"
  "version" "5.1.2"

"semver@^5.6.0":
  "integrity" "sha512-sauaDf/PZdVgrLTNYHRtpXa1iRiKcaebiKQ1BJdpQlWH2lCvexQdX55snPFyK7QzpudqbCI0qXFfOasHdyNDGQ=="
  "resolved" "https://registry.npmjs.org/semver/-/semver-5.7.1.tgz"
  "version" "5.7.1"

"sigmund@^1.0.1":
  "integrity" "sha512-fCvEXfh6NWpm+YSuY2bpXb/VIihqWA6hLsgboC+0nl71Q7N7o2eaCW8mJa/NLvQhs6jpd3VZV4UiUQlV6+lc8g=="
  "resolved" "https://registry.npmjs.org/sigmund/-/sigmund-1.0.1.tgz"
  "version" "1.0.1"

"source-map-js@^1.0.2":
  "integrity" "sha512-R0XvVJ9WusLiqTCEiGCmICCMplcCkIwwR11mOSD9CR5u+IXYdiseeEuXCVAjS54zqwkLcPNnmU4OeJ6tUrWhDw=="
  "resolved" "https://registry.npmjs.org/source-map-js/-/source-map-js-1.0.2.tgz"
  "version" "1.0.2"

"stream-parser@^0.3.1":
  "integrity" "sha512-bJ/HgKq41nlKvlhccD5kaCr/P+Hu0wPNKPJOH7en+YrJu/9EgqUF+88w5Jb6KNcjOFMhfX4B2asfeAtIGuHObQ=="
  "resolved" "https://registry.npmjs.org/stream-parser/-/stream-parser-0.3.1.tgz"
  "version" "0.3.1"
  dependencies:
    "debug" "2"

"string_decoder@~0.10.x":
  "integrity" "sha512-ev2QzSzWPYmy9GuqfIVildA4OdcGLeFZQrq5ys6RtiuF+RQQiZWr8TZNyAcuVXyQRYfEO+MsoB/1BuQVhOJuoQ=="
  "resolved" "https://registry.npmjs.org/string_decoder/-/string_decoder-0.10.31.tgz"
  "version" "0.10.31"

"string_decoder@~1.1.1":
  "integrity" "sha512-n/ShnvDi6FHbbVfviro+WojiFzv+s8MPMHBczVePfUpDJLwoLT0ht1l4YwBCbi8pJAveEEdnkHyPyTP/mzRfwg=="
  "resolved" "https://registry.npmjs.org/string_decoder/-/string_decoder-1.1.1.tgz"
  "version" "1.1.1"
  dependencies:
    "safe-buffer" "~5.1.0"

"style-mod@^4.0.0":
  "integrity" "sha512-OPhtyEjyyN9x3nhPsu76f52yUGXiZcgvsrFVtvTkyGRQJ0XK+GPc6ov1z+lRpbeabka+MYEQxOYRnt5nF30aMw=="
  "resolved" "https://registry.npmjs.org/style-mod/-/style-mod-4.0.0.tgz"
  "version" "4.0.0"

"supports-preserve-symlinks-flag@^1.0.0":
  "integrity" "sha512-ot0WnXS9fgdkgIcePe6RHNk1WA8+muPa6cSjeR3V8K27q9BB1rTE3R1p7Hv0z1ZyAc8s6Vvv8DIyWf681MAt0w=="
  "resolved" "https://registry.npmjs.org/supports-preserve-symlinks-flag/-/supports-preserve-symlinks-flag-1.0.0.tgz"
  "version" "1.0.0"

"through2@^2.0.1":
  "integrity" "sha512-/mrRod8xqpA+IHSLyGCQ2s8SPHiCDEeQJSep1jqLYeEUClOFG2Qsh+4FU6G9VeqpZnGW/Su8LQGc4YKni5rYSQ=="
  "resolved" "https://registry.npmjs.org/through2/-/through2-2.0.5.tgz"
  "version" "2.0.5"
  dependencies:
    "readable-stream" "~2.3.6"
    "xtend" "~4.0.1"

"util-deprecate@~1.0.1":
  "integrity" "sha512-EPD5q1uXyFxJpCrLnCc1nHnq3gOa6DZBocAIiI2TaSCA7VCJ1UJDMagCzIkXNsUYfD1daK//LTEQ8xiIbrHtcw=="
  "resolved" "https://registry.npmjs.org/util-deprecate/-/util-deprecate-1.0.2.tgz"
  "version" "1.0.2"

"vite@^2.9.9":
  "integrity" "sha512-suxC36dQo9Rq1qMB2qiRorNJtJAdxguu5TMvBHOc/F370KvqAe9t48vYp+/TbPKRNrMh/J55tOUmkuIqstZaew=="
  "resolved" "https://registry.npmjs.org/vite/-/vite-2.9.12.tgz"
  "version" "2.9.12"
  dependencies:
    "esbuild" "^0.14.27"
    "postcss" "^8.4.13"
    "resolve" "^1.22.0"
    "rollup" "^2.59.0"
  optionalDependencies:
    "fsevents" "~2.3.2"

"w3c-keyname@^2.2.4":
  "integrity" "sha512-tOhfEwEzFLJzf6d1ZPkYfGj+FWhIpBux9ppoP3rlclw3Z0BZv3N7b7030Z1kYth+6rDuAsXUFr+d0VE6Ed1ikw=="
  "resolved" "https://registry.npmjs.org/w3c-keyname/-/w3c-keyname-2.2.4.tgz"
  "version" "2.2.4"

"wav@^1.0.0":
  "integrity" "sha512-viHtz3cDd/Tcr/HbNqzQCofKdF6kWUymH9LGDdskfWFoIy/HJ+RTihgjEcHfnsy1PO4e9B+y4HwgTwMrByquhg=="
  "resolved" "https://registry.npmjs.org/wav/-/wav-1.0.2.tgz"
  "version" "1.0.2"
  dependencies:
    "buffer-alloc" "^1.1.0"
    "buffer-from" "^1.0.0"
    "debug" "^2.2.0"
    "readable-stream" "^1.1.14"
    "stream-parser" "^0.3.1"

"web-audio-analyser@^2.0.1":
  "integrity" "sha512-N4xreGq4GrHjjYaGgKTDCbIkETS3t/irs7CO27gqjCRtHXYfMx3Y8d3QpHGrAxdFBjsFCOzqVmcTEUCBysXdAQ=="
  "resolved" "https://registry.npmjs.org/web-audio-analyser/-/web-audio-analyser-2.0.1.tgz"
  "version" "2.0.1"

"wrappy@1":
  "integrity" "sha512-l4Sp/DRseor9wL6EvV2+TuQn63dMkPjZ/sp9XkghTEbV9KlPS1xUsZ3u7/IQO4wxtcFB4bgpQPRcR3QCvezPcQ=="
  "resolved" "https://registry.npmjs.org/wrappy/-/wrappy-1.0.2.tgz"
  "version" "1.0.2"

"xtend@~4.0.1":
  "integrity" "sha512-LKYU1iAXJXUgAXn9URjiu+MWhyUXHsvfp7mcuYm9dSUKK0/CjtrUwFAxD82/mCWbtLsGjFIad0wIsod4zrTAEQ=="
  "resolved" "https://registry.npmjs.org/xtend/-/xtend-4.0.2.tgz"
  "version" "4.0.2"

"yallist@^2.1.2":
  "integrity" "sha512-ncTzHV7NvsQZkYe1DW7cbDLm0YpzHmZF5r/iyP3ZnQtMiJ+pjzisCiMNI+Sj+xQF5pXhSHxSB3uDbsBTzY/c2A=="
  "resolved" "https://registry.npmjs.org/yallist/-/yallist-2.1.2.tgz"
  "version" "2.1.2"
